github.com/selfshop-dev/lib-apperr v0.0.0-20260404154511-1e7595bba679 h1:tdPNdYVcW2ElYQlOY3X8F6nPHWsFCwpbtn7z/FH3Jwc=
github.com/selfshop-dev/lib-apperr v0.0.0-20260404154511-1e7595bba679/go.mod h1:v/tz2J9Bi41Kz5R1Vyc6dl2s5a6gnXmBdc+7nyys1dI=
github.com/selfshop-dev/lib-validation v0.0.0-20260404125330-01a160a02e9c h1:9IpVaRBPNCpTAGr1xql9gwLm52A5F6ZJBs5Si6qebKU=
github.com/selfshop-dev/lib-validation v0.0.0-20260404125330-01a160a02e9c/go.mod h1:UTTANueagclkaSXaz3vttF3RMWXvAIFMynXn75AuBBk=
github.com/stretchr/testify v1.12.1 h1:EuwCh5fleGS7H32xRwO3wRGT7DxrDhLAT6FF8MpWDWE=
github.com/stretchr/testify v1.12.1/go.mod h1:MDEgiDPPsNp5cuIrHPPCyornHKgEVbtFUmoNlxoYthg=
go.yaml.in/yaml/v3 v3.0.5 h1:N6y/pJk8buWs9NY5ERU2HSMfm+IuD/OtfdAnq6kESPw=
go.yaml.in/yaml/v3 v3.0.5/go.mod h1:HVTZu1O7/Vkt2N+BFy8Zza+lnLsABggaTM2ZpNIGuKg=
